github.com/ChainsAre2Tight/kuznechik-go v1.2.0 h1:/pveaTSd++RJ3M7za648VNBV0QxmgUii8BfQOTGYY5c=
github.com/ChainsAre2Tight/kuznechik-go v1.2.0/go.mod h1:x4TYlqT25dv+cETdQNaFLE6GKN0npKFb3ndaYbLNfPE=
github.com/ChainsAre2Tight/kuznechik-go v1.2.1 h1:cvnPOcmNwM3tlp19kTVtjp5YjHLxkyaHTRuaLz5VYnQ=
github.com/ChainsAre2Tight/kuznechik-go v1.2.1/go.mod h1:x4TYlqT25dv+cETdQNaFLE6GKN0npKFb3ndaYbLNfPE=
